
Microsoft Visual Studio Solution File, Format Version 12.00
# Visual Studio 15
VisualStudioVersion = 15.0.28307.1927
MinimumVisualStudioVersion = 10.0.40219.1
Project("{8BC9CEB8-8B4A-11D0-8D11-00A0C91BC942}") = "cpp_ogl_shader_triangle", "cpp_ogl_shader_triangle\cpp_ogl_shader_triangle.vcxproj", "{29EA6FEB-E667-40BA-911F-1A1D112E4BE7}"
EndProject
Global
	GlobalSection(SolutionConfigurationPlatforms) = preSolution
		Debug|x64 = Debug|x64
		Debug|x86 = Debug|x86
		Release|x64 = Release|x64
		Release|x86 = Release|x86
	EndGlobalSection
	GlobalSection(ProjectConfigurationPlatforms) = postSolution
		{29EA6FEB-E667-40BA-911F-1A1D112E4BE7}.Debug|x64.ActiveCfg = Debug|x64
		{29EA6FEB-E667-40BA-911F-1A1D112E4BE7}.Debug|x64.Build.0 = Debug|x64
		{29EA6FEB-E667-40BA-911F-1A1D112E4BE7}.Debug|x86.ActiveCfg = Debug|Win32
		{29EA6FEB-E667-40BA-911F-1A1D112E4BE7}.Debug|x86.Build.0 = Debug|Win32
		{29EA6FEB-E667-40BA-911F-1A1D112E4BE7}.Release|x64.ActiveCfg = Release|x64
		{29EA6FEB-E667-40BA-911F-1A1D112E4BE7}.Release|x64.Build.0 = Release|x64
		{29EA6FEB-E667-40BA-911F-1A1D112E4BE7}.Release|x86.ActiveCfg = Release|Win32
		{29EA6FEB-E667-40BA-911F-1A1D112E4BE7}.Release|x86.Build.0 = Release|Win32
	EndGlobalSection
	GlobalSection(SolutionProperties) = preSolution
		HideSolutionNode = FALSE
	EndGlobalSection
	GlobalSection(ExtensibilityGlobals) = postSolution
		SolutionGuid = {E826C68B-64C8-4170-9AE6-D2D84F84CCD9}
	EndGlobalSection
EndGlobal
